{
  "name": "ta-network-api",
  "version": "1.0.0",
  "lockfileVersion": 3,
  "requires": true,
  "packages": {
    "": {
      "name": "ta-network-api",
      "version": "1.0.0",
      "license": "ISC",
      "dependencies": {
        "ta-network-api": "^2.0.0-alpha.2"
      }
    },
    "node_modules/ta-network-api": {
      "version": "2.0.0-alpha.2",
      "resolved": "https://registry.npmjs.org/ta-network-api/-/ta-network-api-2.0.0-alpha.2.tgz",
      "integrity": "sha512-yeSIkJ5HMRKMjXSjbnPOTOaR+RsuslMDuT/3CWbtnD8yHwIL3fq3Uw9Lcu4wcHVJtW2A1q0wjb4i4yWEAn6Rhg=="
    }
  }
}
